// !$*UTF8*$!
{
	archiveVersion = 1;
	classes = {
	};
	objectVersion = 48;
	objects = {

/* Begin PBXBuildFile section */
		CFACCC2620AD5AE6002B24D6 /* AppDelegate.m in Sources */ = {isa = PBXBuildFile; fileRef = CFACCC2520AD5AE6002B24D6 /* AppDelegate.m */; };
		CFACCC2920AD5AE6002B24D6 /* ViewController.m in Sources */ = {isa = PBXBuildFile; fileRef = CFACCC2820AD5AE6002B24D6 /* ViewController.m */; };
		CFACCC2C20AD5AE6002B24D6 /* Main.storyboard in Resources */ = {isa = PBXBuildFile; fileRef = CFACCC2A20AD5AE6002B24D6 /* Main.storyboard */; };
		CFACCC2E20AD5AE6002B24D6 /* Assets.xcassets in Resources */ = {isa = PBXBuildFile; fileRef = CFACCC2D20AD5AE6002B24D6 /* Assets.xcassets */; };
		CFACCC3120AD5AE6002B24D6 /* LaunchScreen.storyboard in Resources */ = {isa = PBXBuildFile; fileRef = CFACCC2F20AD5AE6002B24D6 /* LaunchScreen.storyboard */; };
		CFACCC3420AD5AE6002B24D6 /* main.m in Sources */ = {isa = PBXBuildFile; fileRef = CFACCC3320AD5AE6002B24D6 /* main.m */; };
/* End PBXBuildFile section */

/* Begin PBXFileReference section */
		CFACCC2120AD5AE6002B24D6 /* UICollectionDemo.app */ = {isa = PBXFileReference; explicitFileType = wrapper.application; includeInIndex = 0; path = UICollectionDemo.app; sourceTree = BUILT_PRODUCTS_DIR; };
		CFACCC2420AD5AE6002B24D6 /* AppDelegate.h */ = {isa = PBXFileReference; lastKnownFileType = sourcecode.c.h; path = AppDelegate.h; sourceTree = "<group>"; };
		CFACCC2520AD5AE6002B24D6 /* AppDelegate.m */ = {isa = PBXFileReference; lastKnownFileType = sourcecode.c.objc; path = AppDelegate.m; sourceTree = "<group>"; };
		CFACCC2720AD5AE6002B24D6 /* ViewController.h */ = {isa = PBXFileReference; lastKnownFileType = sourcecode.c.h; path = ViewController.h; sourceTree = "<group>"; };
		CFACCC2820AD5AE6002B24D6 /* ViewController.m */ = {isa = PBXFileReference; lastKnownFileType = sourcecode.c.objc; path = ViewController.m; sourceTree = "<group>"; };
		CFACCC2B20AD5AE6002B24D6 /* Base */ = {isa = PBXFileReference; lastKnownFileType = file.storyboard; name = Base; path = Base.lproj/Main.storyboard; sourceTree = "<group>"; };
		CFACCC2D20AD5AE6002B24D6 /* Assets.xcassets */ = {isa = PBXFileReference; lastKnownFileType = folder.assetcatalog; path = Assets.xcassets; sourceTree = "<group>"; };
		CFACCC3020AD5AE6002B24D6 /* Base */ = {isa = PBXFileReference; lastKnownFileType = file.storyboard; name = Base; path = Base.lproj/LaunchScreen.storyboard; sourceTree = "<group>"; };
		CFACCC3220AD5AE6002B24D6 /* Info.plist */ = {isa = PBXFileReference; lastKnownFileType = text.plist.xml; path = Info.plist; sourceTree = "<group>"; };
		CFACCC3320AD5AE6002B24D6 /* main.m */ = {isa = PBXFileReference; lastKnownFileType = sourcecode.c.objc; path = main.m; sourceTree = "<group>"; };
/* End PBXFileReference section */

/* Begin PBXFrameworksBuildPhase section */
		CFACCC1E20AD5AE6002B24D6 /* Frameworks */ = {
			isa = PBXFrameworksBuildPhase;
			buildActionMask = 2147483647;
			files = (
			);
			runOnlyForDeploymentPostprocessing = 0;
		};
/* End PBXFrameworksBuildPhase section */

/* Begin PBXGroup section */
		CFACCC1820AD5AE6002B24D6 = {
			isa = PBXGroup;
			children = (
				CFACCC2320AD5AE6002B24D6 /* UICollectionDemo */,
				CFACCC2220AD5AE6002B24D6 /* Products */,
			);
			sourceTree = "<group>";
		};
		CFACCC2220AD5AE6002B24D6 /* Products */ = {
			isa = PBXGroup;
			children = (
				CFACCC2120AD5AE6002B24D6 /* UICollectionDemo.app */,
			);
			name = Products;
			sourceTree = "<group>";
		};
		CFACCC2320AD5AE6002B24D6 /* UICollectionDemo */ = {
			isa = PBXGroup;
			children = (
				CFACCC2420AD5AE6002B24D6 /* AppDelegate.h */,
				CFACCC2520AD5AE6002B24D6 /* AppDelegate.m */,
				CFACCC2720AD5AE6002B24D6 /* ViewController.h */,
				CFACCC2820AD5AE6002B24D6 /* ViewController.m */,
				CFACCC2A20AD5AE6002B24D6 /* Main.storyboard */,
				CFACCC2D20AD5AE6002B24D6 /* Assets.xcassets */,
				CFACCC2F20AD5AE6002B24D6 /* LaunchScreen.storyboard */,
				CFACCC3220AD5AE6002B24D6 /* Info.plist */,
				CFACCC3320AD5AE6002B24D6 /* main.m */,
			);
			path = UICollectionDemo;
			sourceTree = "<group>";
		};
/* End PBXGroup section */

/* Begin PBXNativeTarget section */
		CFACCC2020AD5AE6002B24D6 /* UICollectionDemo */ = {
			isa = PBXNativeTarget;
			buildConfigurationList = CFACCC3720AD5AE6002B24D6 /* Build configuration list for PBXNativeTarget "UICollectionDemo" */;
			buildPhases = (
				CFACCC1D20AD5AE6002B24D6 /* Sources */,
				CFACCC1E20AD5AE6002B24D6 /* Frameworks */,
				CFACCC1F20AD5AE6002B24D6 /* Resources */,
			);
			buildRules = (
			);
			dependencies = (
			);
			name = UICollectionDemo;
			productName = UICollectionDemo;
			productReference = CFACCC2120AD5AE6002B24D6 /* UICollectionDemo.app */;
			productType = "com.apple.product-type.application";
		};
/* End PBXNativeTarget section */

/* Begin PBXProject section */
		CFACCC1920AD5AE6002B24D6 /* Project object */ = {
			isa = PBXProject;
			attributes = {
				LastUpgradeCheck = 0920;
				ORGANIZATIONNAME = fish;
				TargetAttributes = {
					CFACCC2020AD5AE6002B24D6 = {
						CreatedOnToolsVersion = 9.2;
						ProvisioningStyle = Automatic;
					};
				};
			};
			buildConfigurationList = CFACCC1C20AD5AE6002B24D6 /* Build configuration list for PBXProject "UICollectionDemo" */;
			compatibilityVersion = "Xcode 8.0";
			developmentRegion = en;
			hasScannedForEncodings = 0;
			knownRegions = (
				en,
				Base,
			);
			mainGroup = CFACCC1820AD5AE6002B24D6;
			productRefGroup = CFACCC2220AD5AE6002B24D6 /* Products */;
			projectDirPath = "";
			projectRoot = "";
			targets = (
				CFACCC2020AD5AE6002B24D6 /* UICollectionDemo */,
			);
		};
/* End PBXProject section */

/* Begin PBXResourcesBuildPhase section */
		CFACCC1F20AD5AE6002B24D6 /* Resources */ = {
			isa = PBXResourcesBuildPhase;
			buildActionMask = 2147483647;
			files = (
				CFACCC3120AD5AE6002B24D6 /* LaunchScreen.storyboard in Resources */,
				CFACCC2E20AD5AE6002B24D6 /* Assets.xcassets in Resources */,
				CFACCC2C20AD5AE6002B24D6 /* Main.storyboard in Resources */,
			);
			runOnlyForDeploymentPostprocessing = 0;
		};
/* End PBXResourcesBuildPhase section */

/* Begin PBXSourcesBuildPhase section */
		CFACCC1D20AD5AE6002B24D6 /* Sources */ = {
			isa = PBXSourcesBuildPhase;
			buildActionMask = 2147483647;
			files = (
				CFACCC2920AD5AE6002B24D6 /* ViewController.m in Sources */,
				CFACCC3420AD5AE6002B24D6 /* main.m in Sources */,
				CFACCC2620AD5AE6002B24D6 /* AppDelegate.m in Sources */,
			);
			runOnlyForDeploymentPostprocessing = 0;
		};
/* End PBXSourcesBuildPhase section */

/* Begin PBXVariantGroup section */
		CFACCC2A20AD5AE6002B24D6 /* Main.storyboard */ = {
			isa = PBXVariantGroup;
			children = (
				CFACCC2B20AD5AE6002B24D6 /* Base */,
			);
			name = Main.storyboard;
			sourceTree = "<group>";
		};
		CFACCC2F20AD5AE6002B24D6 /* LaunchScreen.storyboard */ = {
			isa = PBXVariantGroup;
			children = (
				CFACCC3020AD5AE6002B24D6 /* Base */,
			);
			name = LaunchScreen.storyboard;
			sourceTree = "<group>";
		};
/* End PBXVariantGroup section */

/* Begin XCBuildConfiguration section */
		CFACCC3520AD5AE6002B24D6 /* Debug */ = {
			isa = XCBuildConfiguration;
			buildSettings = {
				ALWAYS_SEARCH_USER_PATHS = NO;
				CLANG_ANALYZER_NONNULL = YES;
				CLANG_ANALYZER_NUMBER_OBJECT_CONVERSION = YES_AGGRESSIVE;
				CLANG_CXX_LANGUAGE_STANDARD = "gnu++14";
				CLANG_CXX_LIBRARY = "libc++";
				CLANG_ENABLE_MODULES = YES;
				CLANG_ENABLE_OBJC_ARC = YES;
				CLANG_WARN_BLOCK_CAPTURE_AUTORELEASING = YES;
				CLANG_WARN_BOOL_CONVERSION = YES;
				CLANG_WARN_COMMA = YES;
				CLANG_WARN_CONSTANT_CONVERSION = YES;
				CLANG_WARN_DIRECT_OBJC_ISA_USAGE = YES_ERROR;
				CLANG_WARN_DOCUMENTATION_COMMENTS = YES;
				CLANG_WARN_EMPTY_BODY = YES;
				CLANG_WARN_ENUM_CONVERSION = YES;
				CLANG_WARN_INFINITE_RECURSION = YES;
				CLANG_WARN_INT_CONVERSION = YES;
				CLANG_WARN_NON_LITERAL_NULL_CONVERSION = YES;
				CLANG_WARN_OBJC_LITERAL_CONVERSION = YES;
				CLANG_WARN_OBJC_ROOT_CLASS = YES_ERROR;
				CLANG_WARN_RANGE_LOOP_ANALYSIS = YES;
				CLANG_WARN_STRICT_PROTOTYPES = YES;
				CLANG_WARN_SUSPICIOUS_MOVE = YES;
				CLANG_WARN_UNGUARDED_AVAILABILITY = YES_AGGRESSIVE;
				CLANG_WARN_UNREACHABLE_CODE = YES;
				CLANG_WARN__DUPLICATE_METHOD_MATCH = YES;
				CODE_SIGN_IDENTITY = "iPhone Developer";
				COPY_PHASE_STRIP = NO;
				DEBUG_INFORMATION_FORMAT = dwarf;
				ENABLE_STRICT_OBJC_MSGSEND = YES;
				ENABLE_TESTABILITY = YES;
				GCC_C_LANGUAGE_STANDARD = gnu11;
				GCC_DYNAMIC_NO_PIC = NO;
				GCC_NO_COMMON_BLOCKS = YES;
				GCC_OPTIMIZATION_LEVEL = 0;
				GCC_PREPROCESSOR_DEFINITIONS = (
					"DEBUG=1",
					"$(inherited)",
				);
				GCC_WARN_64_TO_32_BIT_CONVERSION = YES;
				GCC_WARN_ABOUT_RETURN_TYPE = YES_ERROR;
				GCC_WARN_UNDECLARED_SELECTOR = YES;
				GCC_WARN_UNINITIALIZED_AUTOS = YES_AGGRESSIVE;
				GCC_WARN_UNUSED_FUNCTION = YES;
				GCC_WARN_UNUSED_VARIABLE = YES;
				IPHONEOS_DEPLOYMENT_TARGET = 11.2;
				MTL_ENABLE_DEBUG_INFO = YES;
				ONLY_ACTIVE_ARCH = YES;
				SDKROOT = iphoneos;
			};
			name = Debug;
		};
		CFACCC3620AD5AE6002B24D6 /* Release */ = {
			isa = XCBuildConfiguration;
			buildSettings = {
				ALWAYS_SEARCH_USER_PATHS = NO;
				CLANG_ANALYZER_NONNULL = YES;
				CLANG_ANALYZER_NUMBER_OBJECT_CONVERSION = YES_AGGRESSIVE;
				CLANG_CXX_LANGUAGE_STANDARD = "gnu++14";
				CLANG_CXX_LIBRARY = "libc++";
				CLANG_ENABLE_MODULES = YES;
				CLANG_ENABLE_OBJC_ARC = YES;
				CLANG_WARN_BLOCK_CAPTURE_AUTORELEASING = YES;
				CLANG_WARN_BOOL_CONVERSION = YES;
				CLANG_WARN_COMMA = YES;
				CLANG_WARN_CONSTANT_CONVERSION = YES;
				CLANG_WARN_DIRECT_OBJC_ISA_USAGE = YES_ERROR;
				CLANG_WARN_DOCUMENTATION_COMMENTS = YES;
				CLANG_WARN_EMPTY_BODY = YES;
				CLANG_WARN_ENUM_CONVERSION = YES;
				CLANG_WARN_INFINITE_RECURSION = YES;
				CLANG_WARN_INT_CONVERSION = YES;
				CLANG_WARN_NON_LITERAL_NULL_CONVERSION = YES;
				CLANG_WARN_OBJC_LITERAL_CONVERSION = YES;
				CLANG_WARN_OBJC_ROOT_CLASS = YES_ERROR;
				CLANG_WARN_RANGE_LOOP_ANALYSIS = YES;
				CLANG_WARN_STRICT_PROTOTYPES = YES;
				CLANG_WARN_SUSPICIOUS_MOVE = YES;
				CLANG_WARN_UNGUARDED_AVAILABILITY = YES_AGGRESSIVE;
				CLANG_WARN_UNREACHABLE_CODE = YES;
				CLANG_WARN__DUPLICATE_METHOD_MATCH = YES;
				CODE_SIGN_IDENTITY = "iPhone Developer";
				COPY_PHASE_STRIP = NO;
				DEBUG_INFORMATION_FORMAT = "dwarf-with-dsym";
				ENABLE_NS_ASSERTIONS = NO;
				ENABLE_STRICT_OBJC_MSGSEND = YES;
				GCC_C_LANGUAGE_STANDARD = gnu11;
				GCC_NO_COMMON_BLOCKS = YES;
				GCC_WARN_64_TO_32_BIT_CONVERSION = YES;
				GCC_WARN_ABOUT_RETURN_TYPE = YES_ERROR;
				GCC_WARN_UNDECLARED_SELECTOR = YES;
				GCC_WARN_UNINITIALIZED_AUTOS = YES_AGGRESSIVE;
				GCC_WARN_UNUSED_FUNCTION = YES;
				GCC_WARN_UNUSED_VARIABLE = YES;
				IPHONEOS_DEPLOYMENT_TARGET = 11.2;
				MTL_ENABLE_DEBUG_INFO = NO;
				SDKROOT = iphoneos;
				VALIDATE_PRODUCT = YES;
			};
			name = Release;
		};
		CFACCC3820AD5AE6002B24D6 /* Debug */ = {
			isa = XCBuildConfiguration;
			buildSettings = {
				ASSETCATALOG_COMPILER_APPICON_NAME = AppIcon;
				CODE_SIGN_STYLE = Automatic;
				DEVELOPMENT_TEAM = Q86T2773VD;
				INFOPLIST_FILE = UICollectionDemo/Info.plist;
				LD_RUNPATH_SEARCH_PATHS = "$(inherited) @executable_path/Frameworks";
				PRODUCT_BUNDLE_IDENTIFIER = com.fish.UICollectionDemo;
				PRODUCT_NAME = "$(TARGET_NAME)";
				TARGETED_DEVICE_FAMILY = "1,2";
			};
			name = Debug;
		};
		CFACCC3920AD5AE6002B24D6 /* Release */ = {
			isa = XCBuildConfiguration;
			buildSettings = {
				ASSETCATALOG_COMPILER_APPICON_NAME = AppIcon;
				CODE_SIGN_STYLE = Automatic;
				DEVELOPMENT_TEAM = Q86T2773VD;
				INFOPLIST_FILE = UICollectionDemo/Info.plist;
				LD_RUNPATH_SEARCH_PATHS = "$(inherited) @executable_path/Frameworks";
				PRODUCT_BUNDLE_IDENTIFIER = com.fish.UICollectionDemo;
				PRODUCT_NAME = "$(TARGET_NAME)";
				TARGETED_DEVICE_FAMILY = "1,2";
			};
			name = Release;
		};
/* End XCBuildConfiguration section */

/* Begin XCConfigurationList section */
		CFACCC1C20AD5AE6002B24D6 /* Build configuration list for PBXProject "UICollectionDemo" */ = {
			isa = XCConfigurationList;
			buildConfigurations = (
				CFACCC3520AD5AE6002B24D6 /* Debug */,
				CFACCC3620AD5AE6002B24D6 /* Release */,
			);
			defaultConfigurationIsVisible = 0;
			defaultConfigurationName = Release;
		};
		CFACCC3720AD5AE6002B24D6 /* Build configuration list for PBXNativeTarget "UICollectionDemo" */ = {
			isa = XCConfigurationList;
			buildConfigurations = (
				CFACCC3820AD5AE6002B24D6 /* Debug */,
				CFACCC3920AD5AE6002B24D6 /* Release */,
			);
			defaultConfigurationIsVisible = 0;
			defaultConfigurationName = Release;
		};
/* End XCConfigurationList section */
	};
	rootObject = CFACCC1920AD5AE6002B24D6 /* Project object */;
}
